// !$*UTF8*$!
{
	archiveVersion = 1;
	classes = {
	};
	objectVersion = 50;
	objects = {

/* Begin PBXBuildFile section */
		0A0AD78E2111A40500A6A9AE /* BaseViewController.swift in Sources */ = {isa = PBXBuildFile; fileRef = 0A0AD7742111A40400A6A9AE /* BaseViewController.swift */; };
		0A0AD78F2111A40500A6A9AE /* WFNetworkRequest.swift in Sources */ = {isa = PBXBuildFile; fileRef = 0A0AD7772111A40400A6A9AE /* WFNetworkRequest.swift */; };
		0A0AD7902111A40500A6A9AE /* MineVC.swift in Sources */ = {isa = PBXBuildFile; fileRef = 0A0AD77B2111A40400A6A9AE /* MineVC.swift */; };
		0A0AD7912111A40500A6A9AE /* UIKit+Extension.swift in Sources */ = {isa = PBXBuildFile; fileRef = 0A0AD77D2111A40400A6A9AE /* UIKit+Extension.swift */; };
		0A0AD7932111A40500A6A9AE /* MineTableCell.swift in Sources */ = {isa = PBXBuildFile; fileRef = 0A0AD7812111A40400A6A9AE /* MineTableCell.swift */; };
		0A0AD7942111A40500A6A9AE /* MineTableCell.xib in Resources */ = {isa = PBXBuildFile; fileRef = 0A0AD7822111A40400A6A9AE /* MineTableCell.xib */; };
		0A0AD7952111A40500A6A9AE /* Const.swift in Sources */ = {isa = PBXBuildFile; fileRef = 0A0AD7842111A40400A6A9AE /* Const.swift */; };
		0A0AD7962111A40500A6A9AE /* MyNavigationVC.swift in Sources */ = {isa = PBXBuildFile; fileRef = 0A0AD7852111A40400A6A9AE /* MyNavigationVC.swift */; };
		0A0AD7972111A40500A6A9AE /* MyTabBarVC.swift in Sources */ = {isa = PBXBuildFile; fileRef = 0A0AD7862111A40400A6A9AE /* MyTabBarVC.swift */; };
		0A0AD79C2111B44000A6A9AE /* WFTool.swift in Sources */ = {isa = PBXBuildFile; fileRef = 0A0AD79B2111B44000A6A9AE /* WFTool.swift */; };
		0A1092692115B48B00418E06 /* MeCollectVC.swift in Sources */ = {isa = PBXBuildFile; fileRef = 0A1092672115B48B00418E06 /* MeCollectVC.swift */; };
		0A10926A2115B48B00418E06 /* MeCollectVC.xib in Resources */ = {isa = PBXBuildFile; fileRef = 0A1092682115B48B00418E06 /* MeCollectVC.xib */; };
		0A1EFB1B212BA3CD006F5405 /* VideoPlayerView.swift in Sources */ = {isa = PBXBuildFile; fileRef = 0A1EFB1A212BA3CD006F5405 /* VideoPlayerView.swift */; };
		0A1EFB1D212BA3DA006F5405 /* VideoPlayerView.xib in Resources */ = {isa = PBXBuildFile; fileRef = 0A1EFB1C212BA3DA006F5405 /* VideoPlayerView.xib */; };
		0A92A9B2212F9FBF0090D961 /* SmallVideoInfoVC.swift in Sources */ = {isa = PBXBuildFile; fileRef = 0A92A9B0212F9FBF0090D961 /* SmallVideoInfoVC.swift */; };
		0A92A9B3212F9FBF0090D961 /* SmallVideoInfoVC.xib in Resources */ = {isa = PBXBuildFile; fileRef = 0A92A9B1212F9FBF0090D961 /* SmallVideoInfoVC.xib */; };
		0A92A9B6212FA0670090D961 /* SmallVideoInfoCell.swift in Sources */ = {isa = PBXBuildFile; fileRef = 0A92A9B4212FA0660090D961 /* SmallVideoInfoCell.swift */; };
		0A92A9B7212FA0670090D961 /* SmallVideoInfoCell.xib in Resources */ = {isa = PBXBuildFile; fileRef = 0A92A9B5212FA0670090D961 /* SmallVideoInfoCell.xib */; };
		0A92A9B9212FB1470090D961 /* SmallVideoPlayerCustomView.swift in Sources */ = {isa = PBXBuildFile; fileRef = 0A92A9B8212FB1470090D961 /* SmallVideoPlayerCustomView.swift */; };
		0A92A9BB212FB8FE0090D961 /* SmallVideoCommentView.swift in Sources */ = {isa = PBXBuildFile; fileRef = 0A92A9BA212FB8FE0090D961 /* SmallVideoCommentView.swift */; };
		0A92A9BD212FB9950090D961 /* SmallVideoCommentView.xib in Resources */ = {isa = PBXBuildFile; fileRef = 0A92A9BC212FB9950090D961 /* SmallVideoCommentView.xib */; };
		0A92A9CE21300FBD0090D961 /* webVC.swift in Sources */ = {isa = PBXBuildFile; fileRef = 0A92A9CC21300FBD0090D961 /* webVC.swift */; };
		0A92A9CF21300FBD0090D961 /* webVC.xib in Resources */ = {isa = PBXBuildFile; fileRef = 0A92A9CD21300FBD0090D961 /* webVC.xib */; };
		0A9A4605211702C300E70C5D /* MeCollectModel.swift in Sources */ = {isa = PBXBuildFile; fileRef = 0A9A4604211702C300E70C5D /* MeCollectModel.swift */; };
		0A9A460821170CB500E70C5D /* MeCollectTableCell.swift in Sources */ = {isa = PBXBuildFile; fileRef = 0A9A460621170CB500E70C5D /* MeCollectTableCell.swift */; };
		0A9A460921170CB500E70C5D /* MeCollectTableCell.xib in Resources */ = {isa = PBXBuildFile; fileRef = 0A9A460721170CB500E70C5D /* MeCollectTableCell.xib */; };
		0AB6470721271EA7003F693C /* HomeVC.swift in Sources */ = {isa = PBXBuildFile; fileRef = 0AB646EA21271EA7003F693C /* HomeVC.swift */; };
		0AB6470821271EA7003F693C /* HotNewsVC.swift in Sources */ = {isa = PBXBuildFile; fileRef = 0AB646EB21271EA7003F693C /* HotNewsVC.swift */; };
		0AB6470921271EA7003F693C /* HotNewsVC.xib in Resources */ = {isa = PBXBuildFile; fileRef = 0AB646EC21271EA7003F693C /* HotNewsVC.xib */; };
		0AB6470A21271EA7003F693C /* MoreSubVC.swift in Sources */ = {isa = PBXBuildFile; fileRef = 0AB646ED21271EA7003F693C /* MoreSubVC.swift */; };
		0AB6470B21271EA7003F693C /* MoreSubVC.xib in Resources */ = {isa = PBXBuildFile; fileRef = 0AB646EE21271EA7003F693C /* MoreSubVC.xib */; };
		0AB6470C21271EA7003F693C /* MoreVC.swift in Sources */ = {isa = PBXBuildFile; fileRef = 0AB646EF21271EA7003F693C /* MoreVC.swift */; };
		0AB6470D21271EA7003F693C /* MoreVC.xib in Resources */ = {isa = PBXBuildFile; fileRef = 0AB646F021271EA7003F693C /* MoreVC.xib */; };
		0AB6470E21271EA7003F693C /* RecommendVC.swift in Sources */ = {isa = PBXBuildFile; fileRef = 0AB646F121271EA7003F693C /* RecommendVC.swift */; };
		0AB6470F21271EA7003F693C /* RecommendVC.xib in Resources */ = {isa = PBXBuildFile; fileRef = 0AB646F221271EA7003F693C /* RecommendVC.xib */; };
		0AB6471021271EA7003F693C /* SmallVideoVC.swift in Sources */ = {isa = PBXBuildFile; fileRef = 0AB646F321271EA7003F693C /* SmallVideoVC.swift */; };
		0AB6471121271EA7003F693C /* SmallVideoVC.xib in Resources */ = {isa = PBXBuildFile; fileRef = 0AB646F421271EA7003F693C /* SmallVideoVC.xib */; };
		0AB6471221271EA7003F693C /* TitleVC.swift in Sources */ = {isa = PBXBuildFile; fileRef = 0AB646F521271EA7003F693C /* TitleVC.swift */; };
		0AB6471321271EA7003F693C /* TitleVC.xib in Resources */ = {isa = PBXBuildFile; fileRef = 0AB646F621271EA7003F693C /* TitleVC.xib */; };
		0AB6471421271EA7003F693C /* title.plist in Resources */ = {isa = PBXBuildFile; fileRef = 0AB646F821271EA7003F693C /* title.plist */; };
		0AB6471521271EA7003F693C /* TitleModel.swift in Sources */ = {isa = PBXBuildFile; fileRef = 0AB646F921271EA7003F693C /* TitleModel.swift */; };
		0AB6471721271EA7003F693C /* HotTable1Cell.swift in Sources */ = {isa = PBXBuildFile; fileRef = 0AB646FC21271EA7003F693C /* HotTable1Cell.swift */; };
		0AB6471821271EA7003F693C /* HotTable1Cell.xib in Resources */ = {isa = PBXBuildFile; fileRef = 0AB646FD21271EA7003F693C /* HotTable1Cell.xib */; };
		0AB6471921271EA7003F693C /* HotTable2Cell.swift in Sources */ = {isa = PBXBuildFile; fileRef = 0AB646FE21271EA7003F693C /* HotTable2Cell.swift */; };
		0AB6471A21271EA7003F693C /* HotTable2Cell.xib in Resources */ = {isa = PBXBuildFile; fileRef = 0AB646FF21271EA7003F693C /* HotTable2Cell.xib */; };
		0AB6471B21271EA7003F693C /* segmentView.swift in Sources */ = {isa = PBXBuildFile; fileRef = 0AB6470021271EA7003F693C /* segmentView.swift */; };
		0AB6471C21271EA7003F693C /* segmentView.xib in Resources */ = {isa = PBXBuildFile; fileRef = 0AB6470121271EA7003F693C /* segmentView.xib */; };
		0AB6471D21271EA7003F693C /* SmallVideoCollectionCell.swift in Sources */ = {isa = PBXBuildFile; fileRef = 0AB6470221271EA7003F693C /* SmallVideoCollectionCell.swift */; };
		0AB6471E21271EA7003F693C /* SmallVideoCollectionCell.xib in Resources */ = {isa = PBXBuildFile; fileRef = 0AB6470321271EA7003F693C /* SmallVideoCollectionCell.xib */; };
		0AB6471F21271EA7003F693C /* TitleTableCell.swift in Sources */ = {isa = PBXBuildFile; fileRef = 0AB6470421271EA7003F693C /* TitleTableCell.swift */; };
		0AB6472021271EA7003F693C /* TitleTableCell.xib in Resources */ = {isa = PBXBuildFile; fileRef = 0AB6470521271EA7003F693C /* TitleTableCell.xib */; };
		0AB6472121271EA7003F693C /* VideoPlayerCustomView.swift in Sources */ = {isa = PBXBuildFile; fileRef = 0AB6470621271EA7003F693C /* VideoPlayerCustomView.swift */; };
		0AB6472421272153003F693C /* UserTableCell.xib in Resources */ = {isa = PBXBuildFile; fileRef = 0AB6472221272152003F693C /* UserTableCell.xib */; };
		0AB6472521272153003F693C /* UserTableCell.swift in Sources */ = {isa = PBXBuildFile; fileRef = 0AB6472321272153003F693C /* UserTableCell.swift */; };
		0AC1DE262117DF6D00AF6CC6 /* ConcernMainVC.swift in Sources */ = {isa = PBXBuildFile; fileRef = 0AC1DE252117DF6D00AF6CC6 /* ConcernMainVC.swift */; };
		0AC1DE282117E0E900AF6CC6 /* ConcernHeaderView.swift in Sources */ = {isa = PBXBuildFile; fileRef = 0AC1DE272117E0E900AF6CC6 /* ConcernHeaderView.swift */; };
		0AC1DE2A2117E0FB00AF6CC6 /* ConcernHeaderView.xib in Resources */ = {isa = PBXBuildFile; fileRef = 0AC1DE292117E0FB00AF6CC6 /* ConcernHeaderView.xib */; };
		0AC1DE2D2117E58E00AF6CC6 /* ConcernTableCell.swift in Sources */ = {isa = PBXBuildFile; fileRef = 0AC1DE2B2117E58E00AF6CC6 /* ConcernTableCell.swift */; };
		0AC1DE2E2117E58E00AF6CC6 /* ConcernTableCell.xib in Resources */ = {isa = PBXBuildFile; fileRef = 0AC1DE2C2117E58E00AF6CC6 /* ConcernTableCell.xib */; };
		0AC1DE3021181B3400AF6CC6 /* Foundation+Extension.swift in Sources */ = {isa = PBXBuildFile; fileRef = 0AC1DE2F21181B3400AF6CC6 /* Foundation+Extension.swift */; };
		0AC1DE332118268F00AF6CC6 /* UserInfoVC.swift in Sources */ = {isa = PBXBuildFile; fileRef = 0AC1DE312118268F00AF6CC6 /* UserInfoVC.swift */; };
		0AC1DE342118268F00AF6CC6 /* UserInfoVC.xib in Resources */ = {isa = PBXBuildFile; fileRef = 0AC1DE322118268F00AF6CC6 /* UserInfoVC.xib */; };
		0AD503092114282D00F5C9E3 /* PlayRecordTableCell.swift in Sources */ = {isa = PBXBuildFile; fileRef = 0AD503072114282D00F5C9E3 /* PlayRecordTableCell.swift */; };
		0AD5030A2114282D00F5C9E3 /* PlayRecordTableCell.xib in Resources */ = {isa = PBXBuildFile; fileRef = 0AD503082114282D00F5C9E3 /* PlayRecordTableCell.xib */; };
		0AD5030D211429D100F5C9E3 /* PalyRecordCollectionCell.swift in Sources */ = {isa = PBXBuildFile; fileRef = 0AD5030B211429D100F5C9E3 /* PalyRecordCollectionCell.swift */; };
		0AD5030E211429D100F5C9E3 /* PalyRecordCollectionCell.xib in Resources */ = {isa = PBXBuildFile; fileRef = 0AD5030C211429D100F5C9E3 /* PalyRecordCollectionCell.xib */; };
		0AD5031021144DB200F5C9E3 /* UserModel.swift in Sources */ = {isa = PBXBuildFile; fileRef = 0AD5030F21144DB200F5C9E3 /* UserModel.swift */; };
		0AD821052111A0D600A18252 /* AppDelegate.swift in Sources */ = {isa = PBXBuildFile; fileRef = 0AD821042111A0D600A18252 /* AppDelegate.swift */; };
		0AD821072111A0D600A18252 /* ViewController.swift in Sources */ = {isa = PBXBuildFile; fileRef = 0AD821062111A0D600A18252 /* ViewController.swift */; };
		0AD8210A2111A0D600A18252 /* Main.storyboard in Resources */ = {isa = PBXBuildFile; fileRef = 0AD821082111A0D600A18252 /* Main.storyboard */; };
		0AD8210C2111A0D700A18252 /* Assets.xcassets in Resources */ = {isa = PBXBuildFile; fileRef = 0AD8210B2111A0D700A18252 /* Assets.xcassets */; };
		0AD8210F2111A0D700A18252 /* LaunchScreen.storyboard in Resources */ = {isa = PBXBuildFile; fileRef = 0AD8210D2111A0D700A18252 /* LaunchScreen.storyboard */; };
		0AD8211A2111A0D700A18252 /* LookTests.swift in Sources */ = {isa = PBXBuildFile; fileRef = 0AD821192111A0D700A18252 /* LookTests.swift */; };
		0AD821252111A0D700A18252 /* LookUITests.swift in Sources */ = {isa = PBXBuildFile; fileRef = 0AD821242111A0D700A18252 /* LookUITests.swift */; };
		0ADB6C1321296F1A00B7E97C /* VideoPlayerVC.swift in Sources */ = {isa = PBXBuildFile; fileRef = 0ADB6C1121296F1A00B7E97C /* VideoPlayerVC.swift */; };
		0ADB6C1421296F1A00B7E97C /* VideoPlayerVC.xib in Resources */ = {isa = PBXBuildFile; fileRef = 0ADB6C1221296F1A00B7E97C /* VideoPlayerVC.xib */; };
		0ADB6C17212999D200B7E97C /* CommentTableCell.swift in Sources */ = {isa = PBXBuildFile; fileRef = 0ADB6C15212999D200B7E97C /* CommentTableCell.swift */; };
		0ADB6C18212999D200B7E97C /* CommentTableCell.xib in Resources */ = {isa = PBXBuildFile; fileRef = 0ADB6C16212999D200B7E97C /* CommentTableCell.xib */; };
		0ADB6C1A21299C0D00B7E97C /* ContentModel.swift in Sources */ = {isa = PBXBuildFile; fileRef = 0ADB6C1921299C0D00B7E97C /* ContentModel.swift */; };
		0AEC4A302119ED3400875A32 /* FindVC.swift in Sources */ = {isa = PBXBuildFile; fileRef = 0AEC4A2E2119ED3400875A32 /* FindVC.swift */; };
		D83D64FBB9FF2800C384DC8D /* Pods_Look.framework in Frameworks */ = {isa = PBXBuildFile; fileRef = 55296F7EBCE7B17F3D58DF10 /* Pods_Look.framework */; };
/* End PBXBuildFile section */

/* Begin PBXContainerItemProxy section */
		0AD821162111A0D700A18252 /* PBXContainerItemProxy */ = {
			isa = PBXContainerItemProxy;
			containerPortal = 0AD820F92111A0D600A18252 /* Project object */;
			proxyType = 1;
			remoteGlobalIDString = 0AD821002111A0D600A18252;
			remoteInfo = Look;
		};
		0AD821212111A0D700A18252 /* PBXContainerItemProxy */ = {
			isa = PBXContainerItemProxy;
			containerPortal = 0AD820F92111A0D600A18252 /* Project object */;
			proxyType = 1;
			remoteGlobalIDString = 0AD821002111A0D600A18252;
			remoteInfo = Look;
		};
/* End PBXContainerItemProxy section */

/* Begin PBXFileReference section */
		0A0AD7742111A40400A6A9AE /* BaseViewController.swift */ = {isa = PBXFileReference; fileEncoding = 4; lastKnownFileType = sourcecode.swift; path = BaseViewController.swift; sourceTree = "<group>"; };
		0A0AD7772111A40400A6A9AE /* WFNetworkRequest.swift */ = {isa = PBXFileReference; fileEncoding = 4; lastKnownFileType = sourcecode.swift; path = WFNetworkRequest.swift; sourceTree = "<group>"; };
		0A0AD77B2111A40400A6A9AE /* MineVC.swift */ = {isa = PBXFileReference; fileEncoding = 4; lastKnownFileType = sourcecode.swift; path = MineVC.swift; sourceTree = "<group>"; };
		0A0AD77D2111A40400A6A9AE /* UIKit+Extension.swift */ = {isa = PBXFileReference; fileEncoding = 4; lastKnownFileType = sourcecode.swift; path = "UIKit+Extension.swift"; sourceTree = "<group>"; };
		0A0AD7812111A40400A6A9AE /* MineTableCell.swift */ = {isa = PBXFileReference; fileEncoding = 4; lastKnownFileType = sourcecode.swift; path = MineTableCell.swift; sourceTree = "<group>"; };
		0A0AD7822111A40400A6A9AE /* MineTableCell.xib */ = {isa = PBXFileReference; fileEncoding = 4; lastKnownFileType = file.xib; path = MineTableCell.xib; sourceTree = "<group>"; };
		0A0AD7842111A40400A6A9AE /* Const.swift */ = {isa = PBXFileReference; fileEncoding = 4; lastKnownFileType = sourcecode.swift; path = Const.swift; sourceTree = "<group>"; };
		0A0AD7852111A40400A6A9AE /* MyNavigationVC.swift */ = {isa = PBXFileReference; fileEncoding = 4; lastKnownFileType = sourcecode.swift; path = MyNavigationVC.swift; sourceTree = "<group>"; };
		0A0AD7862111A40400A6A9AE /* MyTabBarVC.swift */ = {isa = PBXFileReference; fileEncoding = 4; lastKnownFileType = sourcecode.swift; path = MyTabBarVC.swift; sourceTree = "<group>"; };
		0A0AD79B2111B44000A6A9AE /* WFTool.swift */ = {isa = PBXFileReference; lastKnownFileType = sourcecode.swift; path = WFTool.swift; sourceTree = "<group>"; };
		0A1092672115B48B00418E06 /* MeCollectVC.swift */ = {isa = PBXFileReference; lastKnownFileType = sourcecode.swift; path = MeCollectVC.swift; sourceTree = "<group>"; };
		0A1092682115B48B00418E06 /* MeCollectVC.xib */ = {isa = PBXFileReference; lastKnownFileType = file.xib; path = MeCollectVC.xib; sourceTree = "<group>"; };
		0A1EFB1A212BA3CD006F5405 /* VideoPlayerView.swift */ = {isa = PBXFileReference; lastKnownFileType = sourcecode.swift; path = VideoPlayerView.swift; sourceTree = "<group>"; };
		0A1EFB1C212BA3DA006F5405 /* VideoPlayerView.xib */ = {isa = PBXFileReference; lastKnownFileType = file.xib; path = VideoPlayerView.xib; sourceTree = "<group>"; };
		0A438B492130F0A30044E061 /* Look-Bridging-Header.h */ = {isa = PBXFileReference; lastKnownFileType = sourcecode.c.h; path = "Look-Bridging-Header.h"; sourceTree = "<group>"; };
		0A92A9B0212F9FBF0090D961 /* SmallVideoInfoVC.swift */ = {isa = PBXFileReference; lastKnownFileType = sourcecode.swift; path = SmallVideoInfoVC.swift; sourceTree = "<group>"; };
		0A92A9B1212F9FBF0090D961 /* SmallVideoInfoVC.xib */ = {isa = PBXFileReference; lastKnownFileType = file.xib; path = SmallVideoInfoVC.xib; sourceTree = "<group>"; };
		0A92A9B4212FA0660090D961 /* SmallVideoInfoCell.swift */ = {isa = PBXFileReference; lastKnownFileType = sourcecode.swift; path = SmallVideoInfoCell.swift; sourceTree = "<group>"; };
		0A92A9B5212FA0670090D961 /* SmallVideoInfoCell.xib */ = {isa = PBXFileReference; lastKnownFileType = file.xib; path = SmallVideoInfoCell.xib; sourceTree = "<group>"; };
		0A92A9B8212FB1470090D961 /* SmallVideoPlayerCustomView.swift */ = {isa = PBXFileReference; fileEncoding = 4; lastKnownFileType = sourcecode.swift; path = SmallVideoPlayerCustomView.swift; sourceTree = "<group>"; };
		0A92A9BA212FB8FE0090D961 /* SmallVideoCommentView.swift */ = {isa = PBXFileReference; lastKnownFileType = sourcecode.swift; path = SmallVideoCommentView.swift; sourceTree = "<group>"; };
		0A92A9BC212FB9950090D961 /* SmallVideoCommentView.xib */ = {isa = PBXFileReference; lastKnownFileType = file.xib; path = SmallVideoCommentView.xib; sourceTree = "<group>"; };
		0A92A9CC21300FBD0090D961 /* webVC.swift */ = {isa = PBXFileReference; lastKnownFileType = sourcecode.swift; path = webVC.swift; sourceTree = "<group>"; };
		0A92A9CD21300FBD0090D961 /* webVC.xib */ = {isa = PBXFileReference; lastKnownFileType = file.xib; path = webVC.xib; sourceTree = "<group>"; };
		0A9A4604211702C300E70C5D /* MeCollectModel.swift */ = {isa = PBXFileReference; lastKnownFileType = sourcecode.swift; path = MeCollectModel.swift; sourceTree = "<group>"; };
		0A9A460621170CB500E70C5D /* MeCollectTableCell.swift */ = {isa = PBXFileReference; lastKnownFileType = sourcecode.swift; path = MeCollectTableCell.swift; sourceTree = "<group>"; };
		0A9A460721170CB500E70C5D /* MeCollectTableCell.xib */ = {isa = PBXFileReference; lastKnownFileType = file.xib; path = MeCollectTableCell.xib; sourceTree = "<group>"; };
		0AB646EA21271EA7003F693C /* HomeVC.swift */ = {isa = PBXFileReference; fileEncoding = 4; lastKnownFileType = sourcecode.swift; path = HomeVC.swift; sourceTree = "<group>"; };
		0AB646EB21271EA7003F693C /* HotNewsVC.swift */ = {isa = PBXFileReference; fileEncoding = 4; lastKnownFileType = sourcecode.swift; path = HotNewsVC.swift; sourceTree = "<group>"; };
		0AB646EC21271EA7003F693C /* HotNewsVC.xib */ = {isa = PBXFileReference; fileEncoding = 4; lastKnownFileType = file.xib; path = HotNewsVC.xib; sourceTree = "<group>"; };
		0AB646ED21271EA7003F693C /* MoreSubVC.swift */ = {isa = PBXFileReference; fileEncoding = 4; lastKnownFileType = sourcecode.swift; path = MoreSubVC.swift; sourceTree = "<group>"; };
		0AB646EE21271EA7003F693C /* MoreSubVC.xib */ = {isa = PBXFileReference; fileEncoding = 4; lastKnownFileType = file.xib; path = MoreSubVC.xib; sourceTree = "<group>"; };
		0AB646EF21271EA7003F693C /* MoreVC.swift */ = {isa = PBXFileReference; fileEncoding = 4; lastKnownFileType = sourcecode.swift; path = MoreVC.swift; sourceTree = "<group>"; };
		0AB646F021271EA7003F693C /* MoreVC.xib */ = {isa = PBXFileReference; fileEncoding = 4; lastKnownFileType = file.xib; path = MoreVC.xib; sourceTree = "<group>"; };
		0AB646F121271EA7003F693C /* RecommendVC.swift */ = {isa = PBXFileReference; fileEncoding = 4; lastKnownFileType = sourcecode.swift; path = RecommendVC.swift; sourceTree = "<group>"; };
		0AB646F221271EA7003F693C /* RecommendVC.xib */ = {isa = PBXFileReference; fileEncoding = 4; lastKnownFileType = file.xib; path = RecommendVC.xib; sourceTree = "<group>"; };
		0AB646F321271EA7003F693C /* SmallVideoVC.swift */ = {isa = PBXFileReference; fileEncoding = 4; lastKnownFileType = sourcecode.swift; path = SmallVideoVC.swift; sourceTree = "<group>"; };
		0AB646F421271EA7003F693C /* SmallVideoVC.xib */ = {isa = PBXFileReference; fileEncoding = 4; lastKnownFileType = file.xib; path = SmallVideoVC.xib; sourceTree = "<group>"; };
		0AB646F521271EA7003F693C /* TitleVC.swift */ = {isa = PBXFileReference; fileEncoding = 4; lastKnownFileType = sourcecode.swift; path = TitleVC.swift; sourceTree = "<group>"; };
		0AB646F621271EA7003F693C /* TitleVC.xib */ = {isa = PBXFileReference; fileEncoding = 4; lastKnownFileType = file.xib; path = TitleVC.xib; sourceTree = "<group>"; };
		0AB646F821271EA7003F693C /* title.plist */ = {isa = PBXFileReference; fileEncoding = 4; lastKnownFileType = text.plist.xml; path = title.plist; sourceTree = "<group>"; };
		0AB646F921271EA7003F693C /* TitleModel.swift */ = {isa = PBXFileReference; fileEncoding = 4; lastKnownFileType = sourcecode.swift; path = TitleModel.swift; sourceTree = "<group>"; };
		0AB646FC21271EA7003F693C /* HotTable1Cell.swift */ = {isa = PBXFileReference; fileEncoding = 4; lastKnownFileType = sourcecode.swift; path = HotTable1Cell.swift; sourceTree = "<group>"; };
		0AB646FD21271EA7003F693C /* HotTable1Cell.xib */ = {isa = PBXFileReference; fileEncoding = 4; lastKnownFileType = file.xib; path = HotTable1Cell.xib; sourceTree = "<group>"; };
		0AB646FE21271EA7003F693C /* HotTable2Cell.swift */ = {isa = PBXFileReference; fileEncoding = 4; lastKnownFileType = sourcecode.swift; path = HotTable2Cell.swift; sourceTree = "<group>"; };
		0AB646FF21271EA7003F693C /* HotTable2Cell.xib */ = {isa = PBXFileReference; fileEncoding = 4; lastKnownFileType = file.xib; path = HotTable2Cell.xib; sourceTree = "<group>"; };
		0AB6470021271EA7003F693C /* segmentView.swift */ = {isa = PBXFileReference; fileEncoding = 4; lastKnownFileType = sourcecode.swift; path = segmentView.swift; sourceTree = "<group>"; };
		0AB6470121271EA7003F693C /* segmentView.xib */ = {isa = PBXFileReference; fileEncoding = 4; lastKnownFileType = file.xib; path = segmentView.xib; sourceTree = "<group>"; };
		0AB6470221271EA7003F693C /* SmallVideoCollectionCell.swift */ = {isa = PBXFileReference; fileEncoding = 4; lastKnownFileType = sourcecode.swift; path = SmallVideoCollectionCell.swift; sourceTree = "<group>"; };
		0AB6470321271EA7003F693C /* SmallVideoCollectionCell.xib */ = {isa = PBXFileReference; fileEncoding = 4; lastKnownFileType = file.xib; path = SmallVideoCollectionCell.xib; sourceTree = "<group>"; };
		0AB6470421271EA7003F693C /* TitleTableCell.swift */ = {isa = PBXFileReference; fileEncoding = 4; lastKnownFileType = sourcecode.swift; path = TitleTableCell.swift; sourceTree = "<group>"; };
		0AB6470521271EA7003F693C /* TitleTableCell.xib */ = {isa = PBXFileReference; fileEncoding = 4; lastKnownFileType = file.xib; path = TitleTableCell.xib; sourceTree = "<group>"; };
		0AB6470621271EA7003F693C /* VideoPlayerCustomView.swift */ = {isa = PBXFileReference; fileEncoding = 4; lastKnownFileType = sourcecode.swift; path = VideoPlayerCustomView.swift; sourceTree = "<group>"; };
		0AB6472221272152003F693C /* UserTableCell.xib */ = {isa = PBXFileReference; fileEncoding = 4; lastKnownFileType = file.xib; path = UserTableCell.xib; sourceTree = "<group>"; };
		0AB6472321272153003F693C /* UserTableCell.swift */ = {isa = PBXFileReference; fileEncoding = 4; lastKnownFileType = sourcecode.swift; path = UserTableCell.swift; sourceTree = "<group>"; };
		0AC1DE252117DF6D00AF6CC6 /* ConcernMainVC.swift */ = {isa = PBXFileReference; lastKnownFileType = sourcecode.swift; path = ConcernMainVC.swift; sourceTree = "<group>"; };
		0AC1DE272117E0E900AF6CC6 /* ConcernHeaderView.swift */ = {isa = PBXFileReference; lastKnownFileType = sourcecode.swift; path = ConcernHeaderView.swift; sourceTree = "<group>"; };
		0AC1DE292117E0FB00AF6CC6 /* ConcernHeaderView.xib */ = {isa = PBXFileReference; lastKnownFileType = file.xib; path = ConcernHeaderView.xib; sourceTree = "<group>"; };
		0AC1DE2B2117E58E00AF6CC6 /* ConcernTableCell.swift */ = {isa = PBXFileReference; lastKnownFileType = sourcecode.swift; path = ConcernTableCell.swift; sourceTree = "<group>"; };
		0AC1DE2C2117E58E00AF6CC6 /* ConcernTableCell.xib */ = {isa = PBXFileReference; lastKnownFileType = file.xib; path = ConcernTableCell.xib; sourceTree = "<group>"; };
		0AC1DE2F21181B3400AF6CC6 /* Foundation+Extension.swift */ = {isa = PBXFileReference; fileEncoding = 4; lastKnownFileType = sourcecode.swift; path = "Foundation+Extension.swift"; sourceTree = "<group>"; };
		0AC1DE312118268F00AF6CC6 /* UserInfoVC.swift */ = {isa = PBXFileReference; lastKnownFileType = sourcecode.swift; path = UserInfoVC.swift; sourceTree = "<group>"; };
		0AC1DE322118268F00AF6CC6 /* UserInfoVC.xib */ = {isa = PBXFileReference; lastKnownFileType = file.xib; path = UserInfoVC.xib; sourceTree = "<group>"; };
		0AD503072114282D00F5C9E3 /* PlayRecordTableCell.swift */ = {isa = PBXFileReference; lastKnownFileType = sourcecode.swift; path = PlayRecordTableCell.swift; sourceTree = "<group>"; };
		0AD503082114282D00F5C9E3 /* PlayRecordTableCell.xib */ = {isa = PBXFileReference; lastKnownFileType = file.xib; path = PlayRecordTableCell.xib; sourceTree = "<group>"; };
		0AD5030B211429D100F5C9E3 /* PalyRecordCollectionCell.swift */ = {isa = PBXFileReference; lastKnownFileType = sourcecode.swift; path = PalyRecordCollectionCell.swift; sourceTree = "<group>"; };
		0AD5030C211429D100F5C9E3 /* PalyRecordCollectionCell.xib */ = {isa = PBXFileReference; lastKnownFileType = file.xib; path = PalyRecordCollectionCell.xib; sourceTree = "<group>"; };
		0AD5030F21144DB200F5C9E3 /* UserModel.swift */ = {isa = PBXFileReference; lastKnownFileType = sourcecode.swift; path = UserModel.swift; sourceTree = "<group>"; };
		0AD821012111A0D600A18252 /* Look.app */ = {isa = PBXFileReference; explicitFileType = wrapper.application; includeInIndex = 0; path = Look.app; sourceTree = BUILT_PRODUCTS_DIR; };
		0AD821042111A0D600A18252 /* AppDelegate.swift */ = {isa = PBXFileReference; lastKnownFileType = sourcecode.swift; path = AppDelegate.swift; sourceTree = "<group>"; };
		0AD821062111A0D600A18252 /* ViewController.swift */ = {isa = PBXFileReference; lastKnownFileType = sourcecode.swift; path = ViewController.swift; sourceTree = "<group>"; };
		0AD821092111A0D600A18252 /* Base */ = {isa = PBXFileReference; lastKnownFileType = file.storyboard; name = Base; path = Base.lproj/Main.storyboard; sourceTree = "<group>"; };
		0AD8210B2111A0D700A18252 /* Assets.xcassets */ = {isa = PBXFileReference; lastKnownFileType = folder.assetcatalog; path = Assets.xcassets; sourceTree = "<group>"; };
		0AD8210E2111A0D700A18252 /* Base */ = {isa = PBXFileReference; lastKnownFileType = file.storyboard; name = Base; path = Base.lproj/LaunchScreen.storyboard; sourceTree = "<group>"; };
		0AD821102111A0D700A18252 /* Info.plist */ = {isa = PBXFileReference; lastKnownFileType = text.plist.xml; path = Info.plist; sourceTree = "<group>"; };
		0AD821152111A0D700A18252 /* LookTests.xctest */ = {isa = PBXFileReference; explicitFileType = wrapper.cfbundle; includeInIndex = 0; path = LookTests.xctest; sourceTree = BUILT_PRODUCTS_DIR; };
		0AD821192111A0D700A18252 /* LookTests.swift */ = {isa = PBXFileReference; lastKnownFileType = sourcecode.swift; path = LookTests.swift; sourceTree = "<group>"; };
		0AD8211B2111A0D700A18252 /* Info.plist */ = {isa = PBXFileReference; lastKnownFileType = text.plist.xml; path = Info.plist; sourceTree = "<group>"; };
		0AD821202111A0D700A18252 /* LookUITests.xctest */ = {isa = PBXFileReference; explicitFileType = wrapper.cfbundle; includeInIndex = 0; path = LookUITests.xctest; sourceTree = BUILT_PRODUCTS_DIR; };
		0AD821242111A0D700A18252 /* LookUITests.swift */ = {isa = PBXFileReference; lastKnownFileType = sourcecode.swift; path = LookUITests.swift; sourceTree = "<group>"; };
		0AD821262111A0D700A18252 /* Info.plist */ = {isa = PBXFileReference; lastKnownFileType = text.plist.xml; path = Info.plist; sourceTree = "<group>"; };
		0ADB6C1121296F1A00B7E97C /* VideoPlayerVC.swift */ = {isa = PBXFileReference; lastKnownFileType = sourcecode.swift; path = VideoPlayerVC.swift; sourceTree = "<group>"; };
		0ADB6C1221296F1A00B7E97C /* VideoPlayerVC.xib */ = {isa = PBXFileReference; lastKnownFileType = file.xib; path = VideoPlayerVC.xib; sourceTree = "<group>"; };
		0ADB6C15212999D200B7E97C /* CommentTableCell.swift */ = {isa = PBXFileReference; lastKnownFileType = sourcecode.swift; path = CommentTableCell.swift; sourceTree = "<group>"; };
		0ADB6C16212999D200B7E97C /* CommentTableCell.xib */ = {isa = PBXFileReference; lastKnownFileType = file.xib; path = CommentTableCell.xib; sourceTree = "<group>"; };
		0ADB6C1921299C0D00B7E97C /* ContentModel.swift */ = {isa = PBXFileReference; lastKnownFileType = sourcecode.swift; path = ContentModel.swift; sourceTree = "<group>"; };
		0AEC4A2E2119ED3400875A32 /* FindVC.swift */ = {isa = PBXFileReference; lastKnownFileType = sourcecode.swift; path = FindVC.swift; sourceTree = "<group>"; };
		283A962435DB55AE0C6175F1 /* Pods-Look.release.xcconfig */ = {isa = PBXFileReference; includeInIndex = 1; lastKnownFileType = text.xcconfig; name = "Pods-Look.release.xcconfig"; path = "Pods/Target Support Files/Pods-Look/Pods-Look.release.xcconfig"; sourceTree = "<group>"; };
		55296F7EBCE7B17F3D58DF10 /* Pods_Look.framework */ = {isa = PBXFileReference; explicitFileType = wrapper.framework; includeInIndex = 0; path = Pods_Look.framework; sourceTree = BUILT_PRODUCTS_DIR; };
		734D8F1755EDA3903F273D32 /* Pods-Look.debug.xcconfig */ = {isa = PBXFileReference; includeInIndex = 1; lastKnownFileType = text.xcconfig; name = "Pods-Look.debug.xcconfig"; path = "Pods/Target Support Files/Pods-Look/Pods-Look.debug.xcconfig"; sourceTree = "<group>"; };
/* End PBXFileReference section */

/* Begin PBXFrameworksBuildPhase section */
		0AD820FE2111A0D600A18252 /* Frameworks */ = {
			isa = PBXFrameworksBuildPhase;
			buildActionMask = 2147483647;
			files = (
				D83D64FBB9FF2800C384DC8D /* Pods_Look.framework in Frameworks */,
			);
			runOnlyForDeploymentPostprocessing = 0;
		};
		0AD821122111A0D700A18252 /* Frameworks */ = {
			isa = PBXFrameworksBuildPhase;
			buildActionMask = 2147483647;
			files = (
			);
			runOnlyForDeploymentPostprocessing = 0;
		};
		0AD8211D2111A0D700A18252 /* Frameworks */ = {
			isa = PBXFrameworksBuildPhase;
			buildActionMask = 2147483647;
			files = (
			);
			runOnlyForDeploymentPostprocessing = 0;
		};
/* End PBXFrameworksBuildPhase section */

/* Begin PBXGroup section */
		0A0AD7662111A40400A6A9AE /* Classes */ = {
			isa = PBXGroup;
			children = (
				0AB646E821271EA7003F693C /* Home */,
				0A0AD76C2111A40400A6A9AE /* Find */,
				0A0AD7872111A40400A6A9AE /* Concern */,
				0A0AD7792111A40400A6A9AE /* Mine */,
				0A0AD7712111A40400A6A9AE /* Main */,
				0A0AD7832111A40400A6A9AE /* Others */,
			);
			path = Classes;
			sourceTree = "<group>";
		};
		0A0AD76C2111A40400A6A9AE /* Find */ = {
			isa = PBXGroup;
			children = (
				0A0AD76D2111A40400A6A9AE /* Controller */,
				0A0AD76F2111A40400A6A9AE /* Model */,
				0A0AD7702111A40400A6A9AE /* View */,
			);
			path = Find;
			sourceTree = "<group>";
		};
		0A0AD76D2111A40400A6A9AE /* Controller */ = {
			isa = PBXGroup;
			children = (
				0AEC4A2E2119ED3400875A32 /* FindVC.swift */,
			);
			path = Controller;
			sourceTree = "<group>";
		};
		0A0AD76F2111A40400A6A9AE /* Model */ = {
			isa = PBXGroup;
			children = (
			);
			path = Model;
			sourceTree = "<group>";
		};
		0A0AD7702111A40400A6A9AE /* View */ = {
			isa = PBXGroup;
			children = (
			);
			path = View;
			sourceTree = "<group>";
		};
		0A0AD7712111A40400A6A9AE /* Main */ = {
			isa = PBXGroup;
			children = (
				0A0AD7722111A40400A6A9AE /* Controller */,
				0A0AD7732111A40400A6A9AE /* Extension */,
				0A0AD7752111A40400A6A9AE /* Model */,
				0A0AD7762111A40400A6A9AE /* Tools */,
				0A0AD7782111A40400A6A9AE /* View */,
			);
			path = Main;
			sourceTree = "<group>";
		};
		0A0AD7722111A40400A6A9AE /* Controller */ = {
			isa = PBXGroup;
			children = (
				0A0AD7742111A40400A6A9AE /* BaseViewController.swift */,
			);
			path = Controller;
			sourceTree = "<group>";
		};
		0A0AD7732111A40400A6A9AE /* Extension */ = {
			isa = PBXGroup;
			children = (
				0A0AD77D2111A40400A6A9AE /* UIKit+Extension.swift */,
			);
			path = Extension;
			sourceTree = "<group>";
		};
		0A0AD7752111A40400A6A9AE /* Model */ = {
			isa = PBXGroup;
			children = (
			);
			path = Model;
			sourceTree = "<group>";
		};
		0A0AD7762111A40400A6A9AE /* Tools */ = {
			isa = PBXGroup;
			children = (
				0A0AD7772111A40400A6A9AE /* WFNetworkRequest.swift */,
				0AC1DE2F21181B3400AF6CC6 /* Foundation+Extension.swift */,
				0A0AD79B2111B44000A6A9AE /* WFTool.swift */,
			);
			path = Tools;
			sourceTree = "<group>";
		};
		0A0AD7782111A40400A6A9AE /* View */ = {
			isa = PBXGroup;
			children = (
			);
			path = View;
			sourceTree = "<group>";
		};
		0A0AD7792111A40400A6A9AE /* Mine */ = {
			isa = PBXGroup;
			children = (
				0A0AD77A2111A40400A6A9AE /* Controller */,
				0A0AD77E2111A40400A6A9AE /* Model */,
				0A0AD7802111A40400A6A9AE /* View */,
			);
			path = Mine;
			sourceTree = "<group>";
		};
		0A0AD77A2111A40400A6A9AE /* Controller */ = {
			isa = PBXGroup;
			children = (
				0A0AD77B2111A40400A6A9AE /* MineVC.swift */,
				0A1092672115B48B00418E06 /* MeCollectVC.swift */,
				0A1092682115B48B00418E06 /* MeCollectVC.xib */,
			);
			path = Controller;
			sourceTree = "<group>";
		};
		0A0AD77E2111A40400A6A9AE /* Model */ = {
			isa = PBXGroup;
			children = (
				0AD5030F21144DB200F5C9E3 /* UserModel.swift */,
				0A9A4604211702C300E70C5D /* MeCollectModel.swift */,
			);
			path = Model;
			sourceTree = "<group>";
		};
		0A0AD7802111A40400A6A9AE /* View */ = {
			isa = PBXGroup;
			children = (
				0A0AD7812111A40400A6A9AE /* MineTableCell.swift */,
				0A0AD7822111A40400A6A9AE /* MineTableCell.xib */,
				0AD503072114282D00F5C9E3 /* PlayRecordTableCell.swift */,
				0AD503082114282D00F5C9E3 /* PlayRecordTableCell.xib */,
				0AD5030B211429D100F5C9E3 /* PalyRecordCollectionCell.swift */,
				0AD5030C211429D100F5C9E3 /* PalyRecordCollectionCell.xib */,
				0A9A460621170CB500E70C5D /* MeCollectTableCell.swift */,
				0A9A460721170CB500E70C5D /* MeCollectTableCell.xib */,
			);
			path = View;
			sourceTree = "<group>";
		};
		0A0AD7832111A40400A6A9AE /* Others */ = {
			isa = PBXGroup;
			children = (
				0A438B492130F0A30044E061 /* Look-Bridging-Header.h */,
				0AD821042111A0D600A18252 /* AppDelegate.swift */,
				0A0AD7842111A40400A6A9AE /* Const.swift */,
				0A0AD7852111A40400A6A9AE /* MyNavigationVC.swift */,
				0A0AD7862111A40400A6A9AE /* MyTabBarVC.swift */,
			);
			path = Others;
			sourceTree = "<group>";
		};
		0A0AD7872111A40400A6A9AE /* Concern */ = {
			isa = PBXGroup;
			children = (
				0A0AD7882111A40400A6A9AE /* Controller */,
				0A0AD78A2111A40400A6A9AE /* Model */,
				0A0AD78B2111A40400A6A9AE /* View */,
			);
			path = Concern;
			sourceTree = "<group>";
		};
		0A0AD7882111A40400A6A9AE /* Controller */ = {
			isa = PBXGroup;
			children = (
				0AC1DE252117DF6D00AF6CC6 /* ConcernMainVC.swift */,
				0AC1DE312118268F00AF6CC6 /* UserInfoVC.swift */,
				0AC1DE322118268F00AF6CC6 /* UserInfoVC.xib */,
			);
			path = Controller;
			sourceTree = "<group>";
		};
		0A0AD78A2111A40400A6A9AE /* Model */ = {
			isa = PBXGroup;
			children = (
			);
			path = Model;
			sourceTree = "<group>";
		};
		0A0AD78B2111A40400A6A9AE /* View */ = {
			isa = PBXGroup;
			children = (
				0AC1DE272117E0E900AF6CC6 /* ConcernHeaderView.swift */,
				0AC1DE292117E0FB00AF6CC6 /* ConcernHeaderView.xib */,
				0AC1DE2B2117E58E00AF6CC6 /* ConcernTableCell.swift */,
				0AC1DE2C2117E58E00AF6CC6 /* ConcernTableCell.xib */,
				0AB6472321272153003F693C /* UserTableCell.swift */,
				0AB6472221272152003F693C /* UserTableCell.xib */,
			);
			path = View;
			sourceTree = "<group>";
		};
		0AB646E821271EA7003F693C /* Home */ = {
			isa = PBXGroup;
			children = (
				0ADB6C1121296F1A00B7E97C /* VideoPlayerVC.swift */,
				0ADB6C1221296F1A00B7E97C /* VideoPlayerVC.xib */,
				0A1EFB1A212BA3CD006F5405 /* VideoPlayerView.swift */,
				0A1EFB1C212BA3DA006F5405 /* VideoPlayerView.xib */,
				0AB646E921271EA7003F693C /* Controller */,
				0AB646F721271EA7003F693C /* Model */,
				0AB646FB21271EA7003F693C /* View */,
			);
			name = Home;
			path = Find/Home;
			sourceTree = "<group>";
		};
		0AB646E921271EA7003F693C /* Controller */ = {
			isa = PBXGroup;
			children = (
				0AB646EA21271EA7003F693C /* HomeVC.swift */,
				0AB646EB21271EA7003F693C /* HotNewsVC.swift */,
				0AB646EC21271EA7003F693C /* HotNewsVC.xib */,
				0A92A9CC21300FBD0090D961 /* webVC.swift */,
				0A92A9CD21300FBD0090D961 /* webVC.xib */,
				0AB646ED21271EA7003F693C /* MoreSubVC.swift */,
				0AB646EE21271EA7003F693C /* MoreSubVC.xib */,
				0AB646EF21271EA7003F693C /* MoreVC.swift */,
				0AB646F021271EA7003F693C /* MoreVC.xib */,
				0AB646F121271EA7003F693C /* RecommendVC.swift */,
				0AB646F221271EA7003F693C /* RecommendVC.xib */,
				0AB646F321271EA7003F693C /* SmallVideoVC.swift */,
				0AB646F421271EA7003F693C /* SmallVideoVC.xib */,
				0A92A9B0212F9FBF0090D961 /* SmallVideoInfoVC.swift */,
				0A92A9B1212F9FBF0090D961 /* SmallVideoInfoVC.xib */,
				0AB646F521271EA7003F693C /* TitleVC.swift */,
				0AB646F621271EA7003F693C /* TitleVC.xib */,
			);
			path = Controller;
			sourceTree = "<group>";
		};
		0AB646F721271EA7003F693C /* Model */ = {
			isa = PBXGroup;
			children = (
				0AB646F821271EA7003F693C /* title.plist */,
				0ADB6C1921299C0D00B7E97C /* ContentModel.swift */,
				0AB646F921271EA7003F693C /* TitleModel.swift */,
			);
			path = Model;
			sourceTree = "<group>";
		};
		0AB646FB21271EA7003F693C /* View */ = {
			isa = PBXGroup;
			children = (
				0AB646FC21271EA7003F693C /* HotTable1Cell.swift */,
				0AB646FD21271EA7003F693C /* HotTable1Cell.xib */,
				0AB646FE21271EA7003F693C /* HotTable2Cell.swift */,
				0AB646FF21271EA7003F693C /* HotTable2Cell.xib */,
				0AB6470021271EA7003F693C /* segmentView.swift */,
				0AB6470121271EA7003F693C /* segmentView.xib */,
				0AB6470221271EA7003F693C /* SmallVideoCollectionCell.swift */,
				0AB6470321271EA7003F693C /* SmallVideoCollectionCell.xib */,
				0A92A9B4212FA0660090D961 /* SmallVideoInfoCell.swift */,
				0A92A9B5212FA0670090D961 /* SmallVideoInfoCell.xib */,
				0AB6470421271EA7003F693C /* TitleTableCell.swift */,
				0AB6470521271EA7003F693C /* TitleTableCell.xib */,
				0AB6470621271EA7003F693C /* VideoPlayerCustomView.swift */,
				0A92A9B8212FB1470090D961 /* SmallVideoPlayerCustomView.swift */,
				0ADB6C15212999D200B7E97C /* CommentTableCell.swift */,
				0ADB6C16212999D200B7E97C /* CommentTableCell.xib */,
				0A92A9BA212FB8FE0090D961 /* SmallVideoCommentView.swift */,
				0A92A9BC212FB9950090D961 /* SmallVideoCommentView.xib */,
			);
			path = View;
			sourceTree = "<group>";
		};
		0AD820F82111A0D600A18252 = {
			isa = PBXGroup;
			children = (
				0AD821032111A0D600A18252 /* Look */,
				0AD821182111A0D700A18252 /* LookTests */,
				0AD821232111A0D700A18252 /* LookUITests */,
				0AD821022111A0D600A18252 /* Products */,
				AFCF26B1F7607FFD60ED03DE /* Pods */,
				AE4E8F4CB7454D2BD836D89E /* Frameworks */,
			);
			sourceTree = "<group>";
		};
		0AD821022111A0D600A18252 /* Products */ = {
			isa = PBXGroup;
			children = (
				0AD821012111A0D600A18252 /* Look.app */,
				0AD821152111A0D700A18252 /* LookTests.xctest */,
				0AD821202111A0D700A18252 /* LookUITests.xctest */,
			);
			name = Products;
			sourceTree = "<group>";
		};
		0AD821032111A0D600A18252 /* Look */ = {
			isa = PBXGroup;
			children = (
				0A0AD7662111A40400A6A9AE /* Classes */,
				0AD8210D2111A0D700A18252 /* LaunchScreen.storyboard */,
				0AD821082111A0D600A18252 /* Main.storyboard */,
				0AD821062111A0D600A18252 /* ViewController.swift */,
				0AD8210B2111A0D700A18252 /* Assets.xcassets */,
				0AD821102111A0D700A18252 /* Info.plist */,
			);
			path = Look;
			sourceTree = "<group>";
		};
		0AD821182111A0D700A18252 /* LookTests */ = {
			isa = PBXGroup;
			children = (
				0AD821192111A0D700A18252 /* LookTests.swift */,
				0AD8211B2111A0D700A18252 /* Info.plist */,
			);
			path = LookTests;
			sourceTree = "<group>";
		};
		0AD821232111A0D700A18252 /* LookUITests */ = {
			isa = PBXGroup;
			children = (
				0AD821242111A0D700A18252 /* LookUITests.swift */,
				0AD821262111A0D700A18252 /* Info.plist */,
			);
			path = LookUITests;
			sourceTree = "<group>";
		};
		AE4E8F4CB7454D2BD836D89E /* Frameworks */ = {
			isa = PBXGroup;
			children = (
				55296F7EBCE7B17F3D58DF10 /* Pods_Look.framework */,
			);
			name = Frameworks;
			sourceTree = "<group>";
		};
		AFCF26B1F7607FFD60ED03DE /* Pods */ = {
			isa = PBXGroup;
			children = (
				734D8F1755EDA3903F273D32 /* Pods-Look.debug.xcconfig */,
				283A962435DB55AE0C6175F1 /* Pods-Look.release.xcconfig */,
			);
			name = Pods;
			sourceTree = "<group>";
		};
/* End PBXGroup section */

/* Begin PBXNativeTarget section */
		0AD821002111A0D600A18252 /* Look */ = {
			isa = PBXNativeTarget;
			buildConfigurationList = 0AD821292111A0D700A18252 /* Build configuration list for PBXNativeTarget "Look" */;
			buildPhases = (
				6B015C0C906830ACCB83BCF6 /* [CP] Check Pods Manifest.lock */,
				0AD820FD2111A0D600A18252 /* Sources */,
				0AD820FE2111A0D600A18252 /* Frameworks */,
				0AD820FF2111A0D600A18252 /* Resources */,
				613166D07B97387EBE0F0046 /* [CP] Embed Pods Frameworks */,
			);
			buildRules = (
			);
			dependencies = (
			);
			name = Look;
			productName = Look;
			productReference = 0AD821012111A0D600A18252 /* Look.app */;
			productType = "com.apple.product-type.application";
		};
		0AD821142111A0D700A18252 /* LookTests */ = {
			isa = PBXNativeTarget;
			buildConfigurationList = 0AD8212C2111A0D700A18252 /* Build configuration list for PBXNativeTarget "LookTests" */;
			buildPhases = (
				0AD821112111A0D700A18252 /* Sources */,
				0AD821122111A0D700A18252 /* Frameworks */,
				0AD821132111A0D700A18252 /* Resources */,
			);
			buildRules = (
			);
			dependencies = (
				0AD821172111A0D700A18252 /* PBXTargetDependency */,
			);
			name = LookTests;
			productName = LookTests;
			productReference = 0AD821152111A0D700A18252 /* LookTests.xctest */;
			productType = "com.apple.product-type.bundle.unit-test";
		};
		0AD8211F2111A0D700A18252 /* LookUITests */ = {
			isa = PBXNativeTarget;
			buildConfigurationList = 0AD8212F2111A0D700A18252 /* Build configuration list for PBXNativeTarget "LookUITests" */;
			buildPhases = (
				0AD8211C2111A0D700A18252 /* Sources */,
				0AD8211D2111A0D700A18252 /* Frameworks */,
				0AD8211E2111A0D700A18252 /* Resources */,
			);
			buildRules = (
			);
			dependencies = (
				0AD821222111A0D700A18252 /* PBXTargetDependency */,
			);
			name = LookUITests;
			productName = LookUITests;
			productReference = 0AD821202111A0D700A18252 /* LookUITests.xctest */;
			productType = "com.apple.product-type.bundle.ui-testing";
		};
/* End PBXNativeTarget section */

/* Begin PBXProject section */
		0AD820F92111A0D600A18252 /* Project object */ = {
			isa = PBXProject;
			attributes = {
				LastSwiftUpdateCheck = 0940;
				LastUpgradeCheck = 0940;
				ORGANIZATIONNAME = "王峰";
				TargetAttributes = {
					0AD821002111A0D600A18252 = {
						CreatedOnToolsVersion = 9.4;
						LastSwiftMigration = 0940;
					};
					0AD821142111A0D700A18252 = {
						CreatedOnToolsVersion = 9.4;
						TestTargetID = 0AD821002111A0D600A18252;
					};
					0AD8211F2111A0D700A18252 = {
						CreatedOnToolsVersion = 9.4;
						TestTargetID = 0AD821002111A0D600A18252;
					};
				};
			};
			buildConfigurationList = 0AD820FC2111A0D600A18252 /* Build configuration list for PBXProject "Look" */;
			compatibilityVersion = "Xcode 9.3";
			developmentRegion = en;
			hasScannedForEncodings = 0;
			knownRegions = (
				en,
				Base,
			);
			mainGroup = 0AD820F82111A0D600A18252;
			productRefGroup = 0AD821022111A0D600A18252 /* Products */;
			projectDirPath = "";
			projectRoot = "";
			targets = (
				0AD821002111A0D600A18252 /* Look */,
				0AD821142111A0D700A18252 /* LookTests */,
				0AD8211F2111A0D700A18252 /* LookUITests */,
			);
		};
/* End PBXProject section */

/* Begin PBXResourcesBuildPhase section */
		0AD820FF2111A0D600A18252 /* Resources */ = {
			isa = PBXResourcesBuildPhase;
			buildActionMask = 2147483647;
			files = (
				0AC1DE2A2117E0FB00AF6CC6 /* ConcernHeaderView.xib in Resources */,
				0AB6472421272153003F693C /* UserTableCell.xib in Resources */,
				0A92A9CF21300FBD0090D961 /* webVC.xib in Resources */,
				0AB6471E21271EA7003F693C /* SmallVideoCollectionCell.xib in Resources */,
				0AB6471421271EA7003F693C /* title.plist in Resources */,
				0A1EFB1D212BA3DA006F5405 /* VideoPlayerView.xib in Resources */,
				0AB6471A21271EA7003F693C /* HotTable2Cell.xib in Resources */,
				0A92A9B3212F9FBF0090D961 /* SmallVideoInfoVC.xib in Resources */,
				0AB6471321271EA7003F693C /* TitleVC.xib in Resources */,
				0AB6472021271EA7003F693C /* TitleTableCell.xib in Resources */,
				0AD8210F2111A0D700A18252 /* LaunchScreen.storyboard in Resources */,
				0ADB6C18212999D200B7E97C /* CommentTableCell.xib in Resources */,
				0AB6471C21271EA7003F693C /* segmentView.xib in Resources */,
				0AB6470F21271EA7003F693C /* RecommendVC.xib in Resources */,
				0AD8210C2111A0D700A18252 /* Assets.xcassets in Resources */,
				0A92A9BD212FB9950090D961 /* SmallVideoCommentView.xib in Resources */,
				0AD5030A2114282D00F5C9E3 /* PlayRecordTableCell.xib in Resources */,
				0AC1DE342118268F00AF6CC6 /* UserInfoVC.xib in Resources */,
				0AB6471121271EA7003F693C /* SmallVideoVC.xib in Resources */,
				0ADB6C1421296F1A00B7E97C /* VideoPlayerVC.xib in Resources */,
				0AB6471821271EA7003F693C /* HotTable1Cell.xib in Resources */,
				0AD8210A2111A0D600A18252 /* Main.storyboard in Resources */,
				0AD5030E211429D100F5C9E3 /* PalyRecordCollectionCell.xib in Resources */,
				0AB6470B21271EA7003F693C /* MoreSubVC.xib in Resources */,
				0A92A9B7212FA0670090D961 /* SmallVideoInfoCell.xib in Resources */,
				0AB6470921271EA7003F693C /* HotNewsVC.xib in Resources */,
				0AB6470D21271EA7003F693C /* MoreVC.xib in Resources */,
				0A0AD7942111A40500A6A9AE /* MineTableCell.xib in Resources */,
				0AC1DE2E2117E58E00AF6CC6 /* ConcernTableCell.xib in Resources */,
				0A10926A2115B48B00418E06 /* MeCollectVC.xib in Resources */,
				0A9A460921170CB500E70C5D /* MeCollectTableCell.xib in Resources */,
			);
			runOnlyForDeploymentPostprocessing = 0;
		};
		0AD821132111A0D700A18252 /* Resources */ = {
			isa = PBXResourcesBuildPhase;
			buildActionMask = 2147483647;
			files = (
			);
			runOnlyForDeploymentPostprocessing = 0;
		};
		0AD8211E2111A0D700A18252 /* Resources */ = {
			isa = PBXResourcesBuildPhase;
			buildActionMask = 2147483647;
			files = (
			);
			runOnlyForDeploymentPostprocessing = 0;
		};
/* End PBXResourcesBuildPhase section */

/* Begin PBXShellScriptBuildPhase section */
		613166D07B97387EBE0F0046 /* [CP] Embed Pods Frameworks */ = {
			isa = PBXShellScriptBuildPhase;
			buildActionMask = 2147483647;
			files = (
			);
			inputPaths = (
				"${PODS_ROOT}/Target Support Files/Pods-Look/Pods-Look-frameworks.sh",
				"${BUILT_PRODUCTS_DIR}/Alamofire/Alamofire.framework",
				"${BUILT_PRODUCTS_DIR}/BMPlayer/BMPlayer.framework",
				"${BUILT_PRODUCTS_DIR}/FDFullscreenPopGesture/FDFullscreenPopGesture.framework",
				"${BUILT_PRODUCTS_DIR}/FSPagerView/FSPagerView.framework",
				"${BUILT_PRODUCTS_DIR}/HandyJSON/HandyJSON.framework",
				"${BUILT_PRODUCTS_DIR}/IBAnimatable/IBAnimatable.framework",
				"${BUILT_PRODUCTS_DIR}/Kingfisher/Kingfisher.framework",
				"${BUILT_PRODUCTS_DIR}/MJRefresh/MJRefresh.framework",
				"${BUILT_PRODUCTS_DIR}/NVActivityIndicatorView/NVActivityIndicatorView.framework",
				"${BUILT_PRODUCTS_DIR}/RxCocoa/RxCocoa.framework",
				"${BUILT_PRODUCTS_DIR}/RxSwift/RxSwift.framework",
				"${BUILT_PRODUCTS_DIR}/SVProgressHUD/SVProgressHUD.framework",
				"${BUILT_PRODUCTS_DIR}/SnapKit/SnapKit.framework",
				"${BUILT_PRODUCTS_DIR}/SwiftyJSON/SwiftyJSON.framework",
			);
			name = "[CP] Embed Pods Frameworks";
			outputPaths = (
				"${TARGET_BUILD_DIR}/${FRAMEWORKS_FOLDER_PATH}/Alamofire.framework",
				"${TARGET_BUILD_DIR}/${FRAMEWORKS_FOLDER_PATH}/BMPlayer.framework",
				"${TARGET_BUILD_DIR}/${FRAMEWORKS_FOLDER_PATH}/FDFullscreenPopGesture.framework",
				"${TARGET_BUILD_DIR}/${FRAMEWORKS_FOLDER_PATH}/FSPagerView.framework",
				"${TARGET_BUILD_DIR}/${FRAMEWORKS_FOLDER_PATH}/HandyJSON.framework",
				"${TARGET_BUILD_DIR}/${FRAMEWORKS_FOLDER_PATH}/IBAnimatable.framework",
				"${TARGET_BUILD_DIR}/${FRAMEWORKS_FOLDER_PATH}/Kingfisher.framework",
				"${TARGET_BUILD_DIR}/${FRAMEWORKS_FOLDER_PATH}/MJRefresh.framework",
				"${TARGET_BUILD_DIR}/${FRAMEWORKS_FOLDER_PATH}/NVActivityIndicatorView.framework",
				"${TARGET_BUILD_DIR}/${FRAMEWORKS_FOLDER_PATH}/RxCocoa.framework",
				"${TARGET_BUILD_DIR}/${FRAMEWORKS_FOLDER_PATH}/RxSwift.framework",
				"${TARGET_BUILD_DIR}/${FRAMEWORKS_FOLDER_PATH}/SVProgressHUD.framework",
				"${TARGET_BUILD_DIR}/${FRAMEWORKS_FOLDER_PATH}/SnapKit.framework",
				"${TARGET_BUILD_DIR}/${FRAMEWORKS_FOLDER_PATH}/SwiftyJSON.framework",
			);
			runOnlyForDeploymentPostprocessing = 0;
			shellPath = /bin/sh;
			shellScript = "\"${PODS_ROOT}/Target Support Files/Pods-Look/Pods-Look-frameworks.sh\"\n";
			showEnvVarsInLog = 0;
		};
		6B015C0C906830ACCB83BCF6 /* [CP] Check Pods Manifest.lock */ = {
			isa = PBXShellScriptBuildPhase;
			buildActionMask = 2147483647;
			files = (
			);
			inputPaths = (
				"${PODS_PODFILE_DIR_PATH}/Podfile.lock",
				"${PODS_ROOT}/Manifest.lock",
			);
			name = "[CP] Check Pods Manifest.lock";
			outputPaths = (
				"$(DERIVED_FILE_DIR)/Pods-Look-checkManifestLockResult.txt",
			);
			runOnlyForDeploymentPostprocessing = 0;
			shellPath = /bin/sh;
			shellScript = "diff \"${PODS_PODFILE_DIR_PATH}/Podfile.lock\" \"${PODS_ROOT}/Manifest.lock\" > /dev/null\nif [ $? != 0 ] ; then\n    # print error to STDERR\n    echo \"error: The sandbox is not in sync with the Podfile.lock. Run 'pod install' or update your CocoaPods installation.\" >&2\n    exit 1\nfi\n# This output is used by Xcode 'outputs' to avoid re-running this script phase.\necho \"SUCCESS\" > \"${SCRIPT_OUTPUT_FILE_0}\"\n";
			showEnvVarsInLog = 0;
		};
/* End PBXShellScriptBuildPhase section */

/* Begin PBXSourcesBuildPhase section */
		0AD820FD2111A0D600A18252 /* Sources */ = {
			isa = PBXSourcesBuildPhase;
			buildActionMask = 2147483647;
			files = (
				0A9A460821170CB500E70C5D /* MeCollectTableCell.swift in Sources */,
				0AB6470A21271EA7003F693C /* MoreSubVC.swift in Sources */,
				0AC1DE2D2117E58E00AF6CC6 /* ConcernTableCell.swift in Sources */,
				0AB6471921271EA7003F693C /* HotTable2Cell.swift in Sources */,
				0ADB6C1A21299C0D00B7E97C /* ContentModel.swift in Sources */,
				0AB6470C21271EA7003F693C /* MoreVC.swift in Sources */,
				0A0AD78E2111A40500A6A9AE /* BaseViewController.swift in Sources */,
				0AB6471F21271EA7003F693C /* TitleTableCell.swift in Sources */,
				0A0AD7972111A40500A6A9AE /* MyTabBarVC.swift in Sources */,
				0AC1DE262117DF6D00AF6CC6 /* ConcernMainVC.swift in Sources */,
				0AD503092114282D00F5C9E3 /* PlayRecordTableCell.swift in Sources */,
				0ADB6C1321296F1A00B7E97C /* VideoPlayerVC.swift in Sources */,
				0A0AD7962111A40500A6A9AE /* MyNavigationVC.swift in Sources */,
				0AB6470E21271EA7003F693C /* RecommendVC.swift in Sources */,
				0A0AD79C2111B44000A6A9AE /* WFTool.swift in Sources */,
				0A1092692115B48B00418E06 /* MeCollectVC.swift in Sources */,
				0A92A9B2212F9FBF0090D961 /* SmallVideoInfoVC.swift in Sources */,
				0A0AD7932111A40500A6A9AE /* MineTableCell.swift in Sources */,
				0AB6471721271EA7003F693C /* HotTable1Cell.swift in Sources */,
				0A92A9B9212FB1470090D961 /* SmallVideoPlayerCustomView.swift in Sources */,
				0AC1DE282117E0E900AF6CC6 /* ConcernHeaderView.swift in Sources */,
				0AC1DE3021181B3400AF6CC6 /* Foundation+Extension.swift in Sources */,
				0A0AD7902111A40500A6A9AE /* MineVC.swift in Sources */,
				0AB6470821271EA7003F693C /* HotNewsVC.swift in Sources */,
				0AD5030D211429D100F5C9E3 /* PalyRecordCollectionCell.swift in Sources */,
				0AD5031021144DB200F5C9E3 /* UserModel.swift in Sources */,
				0A0AD78F2111A40500A6A9AE /* WFNetworkRequest.swift in Sources */,
				0AB6472521272153003F693C /* UserTableCell.swift in Sources */,
				0AD821072111A0D600A18252 /* ViewController.swift in Sources */,
				0AB6471221271EA7003F693C /* TitleVC.swift in Sources */,
				0A0AD7912111A40500A6A9AE /* UIKit+Extension.swift in Sources */,
				0AB6471B21271EA7003F693C /* segmentView.swift in Sources */,
				0AC1DE332118268F00AF6CC6 /* UserInfoVC.swift in Sources */,
				0AB6471D21271EA7003F693C /* SmallVideoCollectionCell.swift in Sources */,
				0AD821052111A0D600A18252 /* AppDelegate.swift in Sources */,
				0AB6472121271EA7003F693C /* VideoPlayerCustomView.swift in Sources */,
				0A92A9B6212FA0670090D961 /* SmallVideoInfoCell.swift in Sources */,
				0AB6471021271EA7003F693C /* SmallVideoVC.swift in Sources */,
				0A92A9CE21300FBD0090D961 /* webVC.swift in Sources */,
				0AEC4A302119ED3400875A32 /* FindVC.swift in Sources */,
				0AB6470721271EA7003F693C /* HomeVC.swift in Sources */,
				0A92A9BB212FB8FE0090D961 /* SmallVideoCommentView.swift in Sources */,
				0A9A4605211702C300E70C5D /* MeCollectModel.swift in Sources */,
				0AB6471521271EA7003F693C /* TitleModel.swift in Sources */,
				0ADB6C17212999D200B7E97C /* CommentTableCell.swift in Sources */,
				0A0AD7952111A40500A6A9AE /* Const.swift in Sources */,
				0A1EFB1B212BA3CD006F5405 /* VideoPlayerView.swift in Sources */,
			);
			runOnlyForDeploymentPostprocessing = 0;
		};
		0AD821112111A0D700A18252 /* Sources */ = {
			isa = PBXSourcesBuildPhase;
			buildActionMask = 2147483647;
			files = (
				0AD8211A2111A0D700A18252 /* LookTests.swift in Sources */,
			);
			runOnlyForDeploymentPostprocessing = 0;
		};
		0AD8211C2111A0D700A18252 /* Sources */ = {
			isa = PBXSourcesBuildPhase;
			buildActionMask = 2147483647;
			files = (
				0AD821252111A0D700A18252 /* LookUITests.swift in Sources */,
			);
			runOnlyForDeploymentPostprocessing = 0;
		};
/* End PBXSourcesBuildPhase section */

/* Begin PBXTargetDependency section */
		0AD821172111A0D700A18252 /* PBXTargetDependency */ = {
			isa = PBXTargetDependency;
			target = 0AD821002111A0D600A18252 /* Look */;
			targetProxy = 0AD821162111A0D700A18252 /* PBXContainerItemProxy */;
		};
		0AD821222111A0D700A18252 /* PBXTargetDependency */ = {
			isa = PBXTargetDependency;
			target = 0AD821002111A0D600A18252 /* Look */;
			targetProxy = 0AD821212111A0D700A18252 /* PBXContainerItemProxy */;
		};
/* End PBXTargetDependency section */

/* Begin PBXVariantGroup section */
		0AD821082111A0D600A18252 /* Main.storyboard */ = {
			isa = PBXVariantGroup;
			children = (
				0AD821092111A0D600A18252 /* Base */,
			);
			name = Main.storyboard;
			sourceTree = "<group>";
		};
		0AD8210D2111A0D700A18252 /* LaunchScreen.storyboard */ = {
			isa = PBXVariantGroup;
			children = (
				0AD8210E2111A0D700A18252 /* Base */,
			);
			name = LaunchScreen.storyboard;
			sourceTree = "<group>";
		};
/* End PBXVariantGroup section */

/* Begin XCBuildConfiguration section */
		0AD821272111A0D700A18252 /* Debug */ = {
			isa = XCBuildConfiguration;
			buildSettings = {
				ALWAYS_SEARCH_USER_PATHS = NO;
				CLANG_ANALYZER_NONNULL = YES;
				CLANG_ANALYZER_NUMBER_OBJECT_CONVERSION = YES_AGGRESSIVE;
				CLANG_CXX_LANGUAGE_STANDARD = "gnu++14";
				CLANG_CXX_LIBRARY = "libc++";
				CLANG_ENABLE_MODULES = YES;
				CLANG_ENABLE_OBJC_ARC = YES;
				CLANG_ENABLE_OBJC_WEAK = YES;
				CLANG_WARN_BLOCK_CAPTURE_AUTORELEASING = YES;
				CLANG_WARN_BOOL_CONVERSION = YES;
				CLANG_WARN_COMMA = YES;
				CLANG_WARN_CONSTANT_CONVERSION = YES;
				CLANG_WARN_DEPRECATED_OBJC_IMPLEMENTATIONS = YES;
				CLANG_WARN_DIRECT_OBJC_ISA_USAGE = YES_ERROR;
				CLANG_WARN_DOCUMENTATION_COMMENTS = YES;
				CLANG_WARN_EMPTY_BODY = YES;
				CLANG_WARN_ENUM_CONVERSION = YES;
				CLANG_WARN_INFINITE_RECURSION = YES;
				CLANG_WARN_INT_CONVERSION = YES;
				CLANG_WARN_NON_LITERAL_NULL_CONVERSION = YES;
				CLANG_WARN_OBJC_IMPLICIT_RETAIN_SELF = YES;
				CLANG_WARN_OBJC_LITERAL_CONVERSION = YES;
				CLANG_WARN_OBJC_ROOT_CLASS = YES_ERROR;
				CLANG_WARN_RANGE_LOOP_ANALYSIS = YES;
				CLANG_WARN_STRICT_PROTOTYPES = YES;
				CLANG_WARN_SUSPICIOUS_MOVE = YES;
				CLANG_WARN_UNGUARDED_AVAILABILITY = YES_AGGRESSIVE;
				CLANG_WARN_UNREACHABLE_CODE = YES;
				CLANG_WARN__DUPLICATE_METHOD_MATCH = YES;
				CODE_SIGN_IDENTITY = "iPhone Developer";
				COPY_PHASE_STRIP = NO;
				DEBUG_INFORMATION_FORMAT = dwarf;
				ENABLE_STRICT_OBJC_MSGSEND = YES;
				ENABLE_TESTABILITY = YES;
				GCC_C_LANGUAGE_STANDARD = gnu11;
				GCC_DYNAMIC_NO_PIC = NO;
				GCC_NO_COMMON_BLOCKS = YES;
				GCC_OPTIMIZATION_LEVEL = 0;
				GCC_PREPROCESSOR_DEFINITIONS = (
					"DEBUG=1",
					"$(inherited)",
				);
				GCC_WARN_64_TO_32_BIT_CONVERSION = YES;
				GCC_WARN_ABOUT_RETURN_TYPE = YES_ERROR;
				GCC_WARN_UNDECLARED_SELECTOR = YES;
				GCC_WARN_UNINITIALIZED_AUTOS = YES_AGGRESSIVE;
				GCC_WARN_UNUSED_FUNCTION = YES;
				GCC_WARN_UNUSED_VARIABLE = YES;
				IPHONEOS_DEPLOYMENT_TARGET = 11.4;
				MTL_ENABLE_DEBUG_INFO = YES;
				ONLY_ACTIVE_ARCH = YES;
				SDKROOT = iphoneos;
				SWIFT_ACTIVE_COMPILATION_CONDITIONS = DEBUG;
				SWIFT_OPTIMIZATION_LEVEL = "-Onone";
			};
			name = Debug;
		};
		0AD821282111A0D700A18252 /* Release */ = {
			isa = XCBuildConfiguration;
			buildSettings = {
				ALWAYS_SEARCH_USER_PATHS = NO;
				CLANG_ANALYZER_NONNULL = YES;
				CLANG_ANALYZER_NUMBER_OBJECT_CONVERSION = YES_AGGRESSIVE;
				CLANG_CXX_LANGUAGE_STANDARD = "gnu++14";
				CLANG_CXX_LIBRARY = "libc++";
				CLANG_ENABLE_MODULES = YES;
				CLANG_ENABLE_OBJC_ARC = YES;
				CLANG_ENABLE_OBJC_WEAK = YES;
				CLANG_WARN_BLOCK_CAPTURE_AUTORELEASING = YES;
				CLANG_WARN_BOOL_CONVERSION = YES;
				CLANG_WARN_COMMA = YES;
				CLANG_WARN_CONSTANT_CONVERSION = YES;
				CLANG_WARN_DEPRECATED_OBJC_IMPLEMENTATIONS = YES;
				CLANG_WARN_DIRECT_OBJC_ISA_USAGE = YES_ERROR;
				CLANG_WARN_DOCUMENTATION_COMMENTS = YES;
				CLANG_WARN_EMPTY_BODY = YES;
				CLANG_WARN_ENUM_CONVERSION = YES;
				CLANG_WARN_INFINITE_RECURSION = YES;
				CLANG_WARN_INT_CONVERSION = YES;
				CLANG_WARN_NON_LITERAL_NULL_CONVERSION = YES;
				CLANG_WARN_OBJC_IMPLICIT_RETAIN_SELF = YES;
				CLANG_WARN_OBJC_LITERAL_CONVERSION = YES;
				CLANG_WARN_OBJC_ROOT_CLASS = YES_ERROR;
				CLANG_WARN_RANGE_LOOP_ANALYSIS = YES;
				CLANG_WARN_STRICT_PROTOTYPES = YES;
				CLANG_WARN_SUSPICIOUS_MOVE = YES;
				CLANG_WARN_UNGUARDED_AVAILABILITY = YES_AGGRESSIVE;
				CLANG_WARN_UNREACHABLE_CODE = YES;
				CLANG_WARN__DUPLICATE_METHOD_MATCH = YES;
				CODE_SIGN_IDENTITY = "iPhone Developer";
				COPY_PHASE_STRIP = NO;
				DEBUG_INFORMATION_FORMAT = "dwarf-with-dsym";
				ENABLE_NS_ASSERTIONS = NO;
				ENABLE_STRICT_OBJC_MSGSEND = YES;
				GCC_C_LANGUAGE_STANDARD = gnu11;
				GCC_NO_COMMON_BLOCKS = YES;
				GCC_WARN_64_TO_32_BIT_CONVERSION = YES;
				GCC_WARN_ABOUT_RETURN_TYPE = YES_ERROR;
				GCC_WARN_UNDECLARED_SELECTOR = YES;
				GCC_WARN_UNINITIALIZED_AUTOS = YES_AGGRESSIVE;
				GCC_WARN_UNUSED_FUNCTION = YES;
				GCC_WARN_UNUSED_VARIABLE = YES;
				IPHONEOS_DEPLOYMENT_TARGET = 11.4;
				MTL_ENABLE_DEBUG_INFO = NO;
				SDKROOT = iphoneos;
				SWIFT_COMPILATION_MODE = wholemodule;
				SWIFT_OPTIMIZATION_LEVEL = "-O";
				VALIDATE_PRODUCT = YES;
			};
			name = Release;
		};
		0AD8212A2111A0D700A18252 /* Debug */ = {
			isa = XCBuildConfiguration;
			baseConfigurationReference = 734D8F1755EDA3903F273D32 /* Pods-Look.debug.xcconfig */;
			buildSettings = {
				ASSETCATALOG_COMPILER_APPICON_NAME = AppIcon;
				CLANG_ENABLE_MODULES = YES;
				CODE_SIGN_STYLE = Automatic;
				DEVELOPMENT_TEAM = FASL6EGAW8;
				INFOPLIST_FILE = Look/Info.plist;
				IPHONEOS_DEPLOYMENT_TARGET = 10.0;
				LD_RUNPATH_SEARCH_PATHS = (
					"$(inherited)",
					"@executable_path/Frameworks",
				);
				LIBRARY_SEARCH_PATHS = (
					"$(inherited)",
					"$(PROJECT_DIR)",
				);
				PRODUCT_BUNDLE_IDENTIFIER = com.Look;
				PRODUCT_NAME = "$(TARGET_NAME)";
				SWIFT_OBJC_BRIDGING_HEADER = "Look/Classes/Others/Look-Bridging-Header.h";
				SWIFT_OPTIMIZATION_LEVEL = "-Onone";
				SWIFT_VERSION = 4.0;
				TARGETED_DEVICE_FAMILY = 1;
			};
			name = Debug;
		};
		0AD8212B2111A0D700A18252 /* Release */ = {
			isa = XCBuildConfiguration;
			baseConfigurationReference = 283A962435DB55AE0C6175F1 /* Pods-Look.release.xcconfig */;
			buildSettings = {
				ASSETCATALOG_COMPILER_APPICON_NAME = AppIcon;
				CLANG_ENABLE_MODULES = YES;
				CODE_SIGN_STYLE = Automatic;
				DEVELOPMENT_TEAM = FASL6EGAW8;
				INFOPLIST_FILE = Look/Info.plist;
				IPHONEOS_DEPLOYMENT_TARGET = 10.0;
				LD_RUNPATH_SEARCH_PATHS = (
					"$(inherited)",
					"@executable_path/Frameworks",
				);
				LIBRARY_SEARCH_PATHS = (
					"$(inherited)",
					"$(PROJECT_DIR)",
				);
				PRODUCT_BUNDLE_IDENTIFIER = com.Look;
				PRODUCT_NAME = "$(TARGET_NAME)";
				SWIFT_OBJC_BRIDGING_HEADER = "Look/Classes/Others/Look-Bridging-Header.h";
				SWIFT_VERSION = 4.0;
				TARGETED_DEVICE_FAMILY = 1;
			};
			name = Release;
		};
		0AD8212D2111A0D700A18252 /* Debug */ = {
			isa = XCBuildConfiguration;
			buildSettings = {
				ALWAYS_EMBED_SWIFT_STANDARD_LIBRARIES = YES;
				BUNDLE_LOADER = "$(TEST_HOST)";
				CODE_SIGN_STYLE = Automatic;
				DEVELOPMENT_TEAM = DCV5F7FELN;
				INFOPLIST_FILE = LookTests/Info.plist;
				LD_RUNPATH_SEARCH_PATHS = (
					"$(inherited)",
					"@executable_path/Frameworks",
					"@loader_path/Frameworks",
				);
				PRODUCT_BUNDLE_IDENTIFIER = com.LookTests;
				PRODUCT_NAME = "$(TARGET_NAME)";
				SWIFT_VERSION = 4.0;
				TARGETED_DEVICE_FAMILY = "1,2";
				TEST_HOST = "$(BUILT_PRODUCTS_DIR)/Look.app/Look";
			};
			name = Debug;
		};
		0AD8212E2111A0D700A18252 /* Release */ = {
			isa = XCBuildConfiguration;
			buildSettings = {
				ALWAYS_EMBED_SWIFT_STANDARD_LIBRARIES = YES;
				BUNDLE_LOADER = "$(TEST_HOST)";
				CODE_SIGN_STYLE = Automatic;
				DEVELOPMENT_TEAM = DCV5F7FELN;
				INFOPLIST_FILE = LookTests/Info.plist;
				LD_RUNPATH_SEARCH_PATHS = (
					"$(inherited)",
					"@executable_path/Frameworks",
					"@loader_path/Frameworks",
				);
				PRODUCT_BUNDLE_IDENTIFIER = com.LookTests;
				PRODUCT_NAME = "$(TARGET_NAME)";
				SWIFT_VERSION = 4.0;
				TARGETED_DEVICE_FAMILY = "1,2";
				TEST_HOST = "$(BUILT_PRODUCTS_DIR)/Look.app/Look";
			};
			name = Release;
		};
		0AD821302111A0D700A18252 /* Debug */ = {
			isa = XCBuildConfiguration;
			buildSettings = {
				ALWAYS_EMBED_SWIFT_STANDARD_LIBRARIES = YES;
				CODE_SIGN_STYLE = Automatic;
				DEVELOPMENT_TEAM = DCV5F7FELN;
				INFOPLIST_FILE = LookUITests/Info.plist;
				LD_RUNPATH_SEARCH_PATHS = (
					"$(inherited)",
					"@executable_path/Frameworks",
					"@loader_path/Frameworks",
				);
				PRODUCT_BUNDLE_IDENTIFIER = com.LookUITests;
				PRODUCT_NAME = "$(TARGET_NAME)";
				SWIFT_VERSION = 4.0;
				TARGETED_DEVICE_FAMILY = "1,2";
				TEST_TARGET_NAME = Look;
			};
			name = Debug;
		};
		0AD821312111A0D700A18252 /* Release */ = {
			isa = XCBuildConfiguration;
			buildSettings = {
				ALWAYS_EMBED_SWIFT_STANDARD_LIBRARIES = YES;
				CODE_SIGN_STYLE = Automatic;
				DEVELOPMENT_TEAM = DCV5F7FELN;
				INFOPLIST_FILE = LookUITests/Info.plist;
				LD_RUNPATH_SEARCH_PATHS = (
					"$(inherited)",
					"@executable_path/Frameworks",
					"@loader_path/Frameworks",
				);
				PRODUCT_BUNDLE_IDENTIFIER = com.LookUITests;
				PRODUCT_NAME = "$(TARGET_NAME)";
				SWIFT_VERSION = 4.0;
				TARGETED_DEVICE_FAMILY = "1,2";
				TEST_TARGET_NAME = Look;
			};
			name = Release;
		};
/* End XCBuildConfiguration section */

/* Begin XCConfigurationList section */
		0AD820FC2111A0D600A18252 /* Build configuration list for PBXProject "Look" */ = {
			isa = XCConfigurationList;
			buildConfigurations = (
				0AD821272111A0D700A18252 /* Debug */,
				0AD821282111A0D700A18252 /* Release */,
			);
			defaultConfigurationIsVisible = 0;
			defaultConfigurationName = Release;
		};
		0AD821292111A0D700A18252 /* Build configuration list for PBXNativeTarget "Look" */ = {
			isa = XCConfigurationList;
			buildConfigurations = (
				0AD8212A2111A0D700A18252 /* Debug */,
				0AD8212B2111A0D700A18252 /* Release */,
			);
			defaultConfigurationIsVisible = 0;
			defaultConfigurationName = Release;
		};
		0AD8212C2111A0D700A18252 /* Build configuration list for PBXNativeTarget "LookTests" */ = {
			isa = XCConfigurationList;
			buildConfigurations = (
				0AD8212D2111A0D700A18252 /* Debug */,
				0AD8212E2111A0D700A18252 /* Release */,
			);
			defaultConfigurationIsVisible = 0;
			defaultConfigurationName = Release;
		};
		0AD8212F2111A0D700A18252 /* Build configuration list for PBXNativeTarget "LookUITests" */ = {
			isa = XCConfigurationList;
			buildConfigurations = (
				0AD821302111A0D700A18252 /* Debug */,
				0AD821312111A0D700A18252 /* Release */,
			);
			defaultConfigurationIsVisible = 0;
			defaultConfigurationName = Release;
		};
/* End XCConfigurationList section */
	};
	rootObject = 0AD820F92111A0D600A18252 /* Project object */;
}
